
Microsoft Visual Studio Solution File, Format Version 12.00
# Visual Studio Version 16
VisualStudioVersion = 16.0.31105.61
MinimumVisualStudioVersion = 10.0.40219.1
Project("{FAE04EC0-301F-11D3-BF4B-00C04F79EFBC}") = "WareHouseAPI", "WareHouseAPI\WareHouseAPI.csproj", "{B00E89F4-C7A6-43FB-88E2-D87BF1B95362}"
EndProject
Global
	GlobalSection(SolutionConfigurationPlatforms) = preSolution
		Debug|Any CPU = Debug|Any CPU
		Release|Any CPU = Release|Any CPU
	EndGlobalSection
	GlobalSection(ProjectConfigurationPlatforms) = postSolution
		{B00E89F4-C7A6-43FB-88E2-D87BF1B95362}.Debug|Any CPU.ActiveCfg = Debug|Any CPU
		{B00E89F4-C7A6-43FB-88E2-D87BF1B95362}.Debug|Any CPU.Build.0 = Debug|Any CPU
		{B00E89F4-C7A6-43FB-88E2-D87BF1B95362}.Release|Any CPU.ActiveCfg = Release|Any CPU
		{B00E89F4-C7A6-43FB-88E2-D87BF1B95362}.Release|Any CPU.Build.0 = Release|Any CPU
	EndGlobalSection
	GlobalSection(SolutionProperties) = preSolution
		HideSolutionNode = FALSE
	EndGlobalSection
	GlobalSection(ExtensibilityGlobals) = postSolution
		SolutionGuid = {40B55120-FA8A-471A-8AEF-C9DA2F5F22CD}
	EndGlobalSection
EndGlobal
