
Microsoft Visual Studio Solution File, Format Version 12.00
# Visual Studio Version 16
VisualStudioVersion = 16.0.31105.61
MinimumVisualStudioVersion = 10.0.40219.1
Project("{FAE04EC0-301F-11D3-BF4B-00C04F79EFBC}") = "StudentsListApp", "StudentsListApp\StudentsListApp.csproj", "{5A6C6246-E16C-4BFD-AE08-D76365A3AB08}"
EndProject
Global
	GlobalSection(SolutionConfigurationPlatforms) = preSolution
		Debug|Any CPU = Debug|Any CPU
		Release|Any CPU = Release|Any CPU
	EndGlobalSection
	GlobalSection(ProjectConfigurationPlatforms) = postSolution
		{5A6C6246-E16C-4BFD-AE08-D76365A3AB08}.Debug|Any CPU.ActiveCfg = Debug|Any CPU
		{5A6C6246-E16C-4BFD-AE08-D76365A3AB08}.Debug|Any CPU.Build.0 = Debug|Any CPU
		{5A6C6246-E16C-4BFD-AE08-D76365A3AB08}.Release|Any CPU.ActiveCfg = Release|Any CPU
		{5A6C6246-E16C-4BFD-AE08-D76365A3AB08}.Release|Any CPU.Build.0 = Release|Any CPU
	EndGlobalSection
	GlobalSection(SolutionProperties) = preSolution
		HideSolutionNode = FALSE
	EndGlobalSection
	GlobalSection(ExtensibilityGlobals) = postSolution
		SolutionGuid = {ED2AFE42-FB04-45A9-98D7-E9D25CE84DAC}
	EndGlobalSection
EndGlobal
