
Microsoft Visual Studio Solution File, Format Version 12.00
# Visual Studio Version 16
VisualStudioVersion = 16.0.31105.61
MinimumVisualStudioVersion = 10.0.40219.1
Project("{FAE04EC0-301F-11D3-BF4B-00C04F79EFBC}") = "WebAppMVC", "WebAppMVC\WebAppMVC.csproj", "{FA3B5143-F84A-45DC-8E4E-E98A4E9563B1}"
EndProject
Global
	GlobalSection(SolutionConfigurationPlatforms) = preSolution
		Debug|Any CPU = Debug|Any CPU
		Release|Any CPU = Release|Any CPU
	EndGlobalSection
	GlobalSection(ProjectConfigurationPlatforms) = postSolution
		{FA3B5143-F84A-45DC-8E4E-E98A4E9563B1}.Debug|Any CPU.ActiveCfg = Debug|Any CPU
		{FA3B5143-F84A-45DC-8E4E-E98A4E9563B1}.Debug|Any CPU.Build.0 = Debug|Any CPU
		{FA3B5143-F84A-45DC-8E4E-E98A4E9563B1}.Release|Any CPU.ActiveCfg = Release|Any CPU
		{FA3B5143-F84A-45DC-8E4E-E98A4E9563B1}.Release|Any CPU.Build.0 = Release|Any CPU
	EndGlobalSection
	GlobalSection(SolutionProperties) = preSolution
		HideSolutionNode = FALSE
	EndGlobalSection
	GlobalSection(ExtensibilityGlobals) = postSolution
		SolutionGuid = {5819690C-7B5B-4302-BF6D-B691ED54A578}
	EndGlobalSection
EndGlobal
